
Microsoft Visual Studio Solution File, Format Version 12.00
# Visual Studio Version 17
VisualStudioVersion = 17.13.35919.96 d17.13
MinimumVisualStudioVersion = 10.0.40219.1
Project("{FAE04EC0-301F-11D3-BF4B-00C04F79EFBC}") = "Gatorz", "Gatorz\Gatorz\Gatorz.csproj", "{0AA56C9B-4BDE-41ED-9575-C9E81CD5A433}"
EndProject
Project("{FAE04EC0-301F-11D3-BF4B-00C04F79EFBC}") = "Gatorz.Client", "Gatorz\Gatorz.Client\Gatorz.Client.csproj", "{C4F07C02-264C-43E3-A2D3-700C90307C2E}"
EndProject
Global
	GlobalSection(SolutionConfigurationPlatforms) = preSolution
		Debug|Any CPU = Debug|Any CPU
		Release|Any CPU = Release|Any CPU
	EndGlobalSection
	GlobalSection(ProjectConfigurationPlatforms) = postSolution
		{0AA56C9B-4BDE-41ED-9575-C9E81CD5A433}.Debug|Any CPU.ActiveCfg = Debug|Any CPU
		{0AA56C9B-4BDE-41ED-9575-C9E81CD5A433}.Debug|Any CPU.Build.0 = Debug|Any CPU
		{0AA56C9B-4BDE-41ED-9575-C9E81CD5A433}.Release|Any CPU.ActiveCfg = Release|Any CPU
		{0AA56C9B-4BDE-41ED-9575-C9E81CD5A433}.Release|Any CPU.Build.0 = Release|Any CPU
		{C4F07C02-264C-43E3-A2D3-700C90307C2E}.Debug|Any CPU.ActiveCfg = Debug|Any CPU
		{C4F07C02-264C-43E3-A2D3-700C90307C2E}.Debug|Any CPU.Build.0 = Debug|Any CPU
		{C4F07C02-264C-43E3-A2D3-700C90307C2E}.Release|Any CPU.ActiveCfg = Release|Any CPU
		{C4F07C02-264C-43E3-A2D3-700C90307C2E}.Release|Any CPU.Build.0 = Release|Any CPU
	EndGlobalSection
	GlobalSection(SolutionProperties) = preSolution
		HideSolutionNode = FALSE
	EndGlobalSection
	GlobalSection(ExtensibilityGlobals) = postSolution
		SolutionGuid = {BE1551B5-3C52-44DF-A668-8F1F8BD8DB43}
	EndGlobalSection
EndGlobal
